
Microsoft Visual Studio Solution File, Format Version 12.00
# Visual Studio 2012
Project("{FAE04EC0-301F-11D3-BF4B-00C04F79EFBC}") = "ASPNET-Sample", "ASPNET-Sample\ASPNET-Sample.csproj", "{A1BFC663-5EEA-4A16-AF35-98FFED6DC98C}"
EndProject
Project("{FAE04EC0-301F-11D3-BF4B-00C04F79EFBC}") = "ASPNET.Data", "ASPNET.Data\ASPNET.Data.csproj", "{9E856A5B-06B6-4219-B2FE-7174C23262F8}"
EndProject
Global
	GlobalSection(SolutionConfigurationPlatforms) = preSolution
		Debug|Any CPU = Debug|Any CPU
		Release|Any CPU = Release|Any CPU
	EndGlobalSection
	GlobalSection(ProjectConfigurationPlatforms) = postSolution
		{A1BFC663-5EEA-4A16-AF35-98FFED6DC98C}.Debug|Any CPU.ActiveCfg = Debug|Any CPU
		{A1BFC663-5EEA-4A16-AF35-98FFED6DC98C}.Debug|Any CPU.Build.0 = Debug|Any CPU
		{A1BFC663-5EEA-4A16-AF35-98FFED6DC98C}.Release|Any CPU.ActiveCfg = Release|Any CPU
		{A1BFC663-5EEA-4A16-AF35-98FFED6DC98C}.Release|Any CPU.Build.0 = Release|Any CPU
		{9E856A5B-06B6-4219-B2FE-7174C23262F8}.Debug|Any CPU.ActiveCfg = Debug|Any CPU
		{9E856A5B-06B6-4219-B2FE-7174C23262F8}.Debug|Any CPU.Build.0 = Debug|Any CPU
		{9E856A5B-06B6-4219-B2FE-7174C23262F8}.Release|Any CPU.ActiveCfg = Release|Any CPU
		{9E856A5B-06B6-4219-B2FE-7174C23262F8}.Release|Any CPU.Build.0 = Release|Any CPU
	EndGlobalSection
	GlobalSection(SolutionProperties) = preSolution
		HideSolutionNode = FALSE
	EndGlobalSection
EndGlobal
